
Microsoft Visual Studio Solution File, Format Version 12.00
# Visual Studio Version 17
VisualStudioVersion = 17.8.34322.80
MinimumVisualStudioVersion = 10.0.40219.1
Project("{FAE04EC0-301F-11D3-BF4B-00C04F79EFBC}") = "QuestPDFBuilder", "QuestPDFBuilder.csproj", "{47E02819-7BE1-4DC4-8A18-2FCD9F8AA53B}"
EndProject
Global
	GlobalSection(SolutionConfigurationPlatforms) = preSolution
		Debug|Any CPU = Debug|Any CPU
		Release|Any CPU = Release|Any CPU
	EndGlobalSection
	GlobalSection(ProjectConfigurationPlatforms) = postSolution
		{47E02819-7BE1-4DC4-8A18-2FCD9F8AA53B}.Debug|Any CPU.ActiveCfg = Debug|Any CPU
		{47E02819-7BE1-4DC4-8A18-2FCD9F8AA53B}.Debug|Any CPU.Build.0 = Debug|Any CPU
		{47E02819-7BE1-4DC4-8A18-2FCD9F8AA53B}.Release|Any CPU.ActiveCfg = Release|Any CPU
		{47E02819-7BE1-4DC4-8A18-2FCD9F8AA53B}.Release|Any CPU.Build.0 = Release|Any CPU
	EndGlobalSection
	GlobalSection(SolutionProperties) = preSolution
		HideSolutionNode = FALSE
	EndGlobalSection
	GlobalSection(ExtensibilityGlobals) = postSolution
		SolutionGuid = {C631F6B1-B600-47FE-A053-BF5C062BE30F}
	EndGlobalSection
EndGlobal
